// !$*UTF8*$!
{
	archiveVersion = 1;
	classes = {
	};
	objectVersion = 51;
	objects = {

/* Begin PBXBuildFile section */
		041CD81A24CB603500751F95 /* StartUpView.swift in Sources */ = {isa = PBXBuildFile; fileRef = 041CD81924CB603400751F95 /* StartUpView.swift */; };
		043C416524C8B18C00389FB0 /* InstructionsView.swift in Sources */ = {isa = PBXBuildFile; fileRef = 043C416424C8B18C00389FB0 /* InstructionsView.swift */; };
		043C416724C8C6B200389FB0 /* GoogleService-Info.plist in Resources */ = {isa = PBXBuildFile; fileRef = 043C416624C8C6B100389FB0 /* GoogleService-Info.plist */; };
		043C416B24C9FF0700389FB0 /* LeaderboardView.swift in Sources */ = {isa = PBXBuildFile; fileRef = 043C416A24C9FF0700389FB0 /* LeaderboardView.swift */; };
		048C039224C61D9F00EEF72A /* AppDelegate.swift in Sources */ = {isa = PBXBuildFile; fileRef = 048C039124C61D9F00EEF72A /* AppDelegate.swift */; };
		048C039424C61D9F00EEF72A /* SceneDelegate.swift in Sources */ = {isa = PBXBuildFile; fileRef = 048C039324C61D9F00EEF72A /* SceneDelegate.swift */; };
		048C039624C61D9F00EEF72A /* ContentView.swift in Sources */ = {isa = PBXBuildFile; fileRef = 048C039524C61D9F00EEF72A /* ContentView.swift */; };
		048C039824C61DA200EEF72A /* Assets.xcassets in Resources */ = {isa = PBXBuildFile; fileRef = 048C039724C61DA200EEF72A /* Assets.xcassets */; };
		048C039B24C61DA200EEF72A /* Preview Assets.xcassets in Resources */ = {isa = PBXBuildFile; fileRef = 048C039A24C61DA200EEF72A /* Preview Assets.xcassets */; };
		048C039E24C61DA200EEF72A /* LaunchScreen.storyboard in Resources */ = {isa = PBXBuildFile; fileRef = 048C039C24C61DA200EEF72A /* LaunchScreen.storyboard */; };
		B3DB3B81296EE3498DD930CC /* Pods_ColorApp.framework in Frameworks */ = {isa = PBXBuildFile; fileRef = F6610B1FB1E93D9EFCED5C86 /* Pods_ColorApp.framework */; };
/* End PBXBuildFile section */

/* Begin PBXFileReference section */
		041CD81924CB603400751F95 /* StartUpView.swift */ = {isa = PBXFileReference; lastKnownFileType = sourcecode.swift; path = StartUpView.swift; sourceTree = "<group>"; };
		043C416424C8B18C00389FB0 /* InstructionsView.swift */ = {isa = PBXFileReference; lastKnownFileType = sourcecode.swift; path = InstructionsView.swift; sourceTree = "<group>"; };
		043C416624C8C6B100389FB0 /* GoogleService-Info.plist */ = {isa = PBXFileReference; fileEncoding = 4; lastKnownFileType = text.plist.xml; path = "GoogleService-Info.plist"; sourceTree = "<group>"; };
		043C416A24C9FF0700389FB0 /* LeaderboardView.swift */ = {isa = PBXFileReference; lastKnownFileType = sourcecode.swift; path = LeaderboardView.swift; sourceTree = "<group>"; };
		048C038E24C61D9F00EEF72A /* ColorApp.app */ = {isa = PBXFileReference; explicitFileType = wrapper.application; includeInIndex = 0; path = ColorApp.app; sourceTree = BUILT_PRODUCTS_DIR; };
		048C039124C61D9F00EEF72A /* AppDelegate.swift */ = {isa = PBXFileReference; lastKnownFileType = sourcecode.swift; path = AppDelegate.swift; sourceTree = "<group>"; };
		048C039324C61D9F00EEF72A /* SceneDelegate.swift */ = {isa = PBXFileReference; lastKnownFileType = sourcecode.swift; path = SceneDelegate.swift; sourceTree = "<group>"; };
		048C039524C61D9F00EEF72A /* ContentView.swift */ = {isa = PBXFileReference; lastKnownFileType = sourcecode.swift; path = ContentView.swift; sourceTree = "<group>"; };
		048C039724C61DA200EEF72A /* Assets.xcassets */ = {isa = PBXFileReference; lastKnownFileType = folder.assetcatalog; path = Assets.xcassets; sourceTree = "<group>"; };
		048C039A24C61DA200EEF72A /* Preview Assets.xcassets */ = {isa = PBXFileReference; lastKnownFileType = folder.assetcatalog; path = "Preview Assets.xcassets"; sourceTree = "<group>"; };
		048C039D24C61DA200EEF72A /* Base */ = {isa = PBXFileReference; lastKnownFileType = file.storyboard; name = Base; path = Base.lproj/LaunchScreen.storyboard; sourceTree = "<group>"; };
		048C039F24C61DA200EEF72A /* Info.plist */ = {isa = PBXFileReference; lastKnownFileType = text.plist.xml; path = Info.plist; sourceTree = "<group>"; };
		0C4E5BDD8C39565138F3A5A0 /* Pods-ColorApp.release.xcconfig */ = {isa = PBXFileReference; includeInIndex = 1; lastKnownFileType = text.xcconfig; name = "Pods-ColorApp.release.xcconfig"; path = "Target Support Files/Pods-ColorApp/Pods-ColorApp.release.xcconfig"; sourceTree = "<group>"; };
		EE5CE8B4DE928660A315950F /* Pods-ColorApp.debug.xcconfig */ = {isa = PBXFileReference; includeInIndex = 1; lastKnownFileType = text.xcconfig; name = "Pods-ColorApp.debug.xcconfig"; path = "Target Support Files/Pods-ColorApp/Pods-ColorApp.debug.xcconfig"; sourceTree = "<group>"; };
		F6610B1FB1E93D9EFCED5C86 /* Pods_ColorApp.framework */ = {isa = PBXFileReference; explicitFileType = wrapper.framework; includeInIndex = 0; path = Pods_ColorApp.framework; sourceTree = BUILT_PRODUCTS_DIR; };
/* End PBXFileReference section */

/* Begin PBXFrameworksBuildPhase section */
		048C038B24C61D9F00EEF72A /* Frameworks */ = {
			isa = PBXFrameworksBuildPhase;
			buildActionMask = 2147483647;
			files = (
				B3DB3B81296EE3498DD930CC /* Pods_ColorApp.framework in Frameworks */,
			);
			runOnlyForDeploymentPostprocessing = 0;
		};
/* End PBXFrameworksBuildPhase section */

/* Begin PBXGroup section */
		048C038524C61D9F00EEF72A = {
			isa = PBXGroup;
			children = (
				048C039024C61D9F00EEF72A /* ColorApp */,
				048C038F24C61D9F00EEF72A /* Products */,
				83D5ED99AA5808559081CEE0 /* Pods */,
				0EEC3BAE9BE31837A32AAB55 /* Frameworks */,
			);
			sourceTree = "<group>";
		};
		048C038F24C61D9F00EEF72A /* Products */ = {
			isa = PBXGroup;
			children = (
				048C038E24C61D9F00EEF72A /* ColorApp.app */,
			);
			name = Products;
			sourceTree = "<group>";
		};
		048C039024C61D9F00EEF72A /* ColorApp */ = {
			isa = PBXGroup;
			children = (
				048C039124C61D9F00EEF72A /* AppDelegate.swift */,
				048C039324C61D9F00EEF72A /* SceneDelegate.swift */,
				048C039524C61D9F00EEF72A /* ContentView.swift */,
				041CD81924CB603400751F95 /* StartUpView.swift */,
				043C416A24C9FF0700389FB0 /* LeaderboardView.swift */,
				043C416424C8B18C00389FB0 /* InstructionsView.swift */,
				048C039724C61DA200EEF72A /* Assets.xcassets */,
				048C039C24C61DA200EEF72A /* LaunchScreen.storyboard */,
				048C039F24C61DA200EEF72A /* Info.plist */,
				043C416624C8C6B100389FB0 /* GoogleService-Info.plist */,
				048C039924C61DA200EEF72A /* Preview Content */,
			);
			path = ColorApp;
			sourceTree = "<group>";
		};
		048C039924C61DA200EEF72A /* Preview Content */ = {
			isa = PBXGroup;
			children = (
				048C039A24C61DA200EEF72A /* Preview Assets.xcassets */,
			);
			path = "Preview Content";
			sourceTree = "<group>";
		};
		0EEC3BAE9BE31837A32AAB55 /* Frameworks */ = {
			isa = PBXGroup;
			children = (
				F6610B1FB1E93D9EFCED5C86 /* Pods_ColorApp.framework */,
			);
			name = Frameworks;
			sourceTree = "<group>";
		};
		83D5ED99AA5808559081CEE0 /* Pods */ = {
			isa = PBXGroup;
			children = (
				EE5CE8B4DE928660A315950F /* Pods-ColorApp.debug.xcconfig */,
				0C4E5BDD8C39565138F3A5A0 /* Pods-ColorApp.release.xcconfig */,
			);
			path = Pods;
			sourceTree = "<group>";
		};
/* End PBXGroup section */

/* Begin PBXNativeTarget section */
		048C038D24C61D9F00EEF72A /* ColorApp */ = {
			isa = PBXNativeTarget;
			buildConfigurationList = 048C03A224C61DA200EEF72A /* Build configuration list for PBXNativeTarget "ColorApp" */;
			buildPhases = (
				CEF7EC3469FBBCE0A1A5A384 /* [CP] Check Pods Manifest.lock */,
				048C038A24C61D9F00EEF72A /* Sources */,
				048C038B24C61D9F00EEF72A /* Frameworks */,
				048C038C24C61D9F00EEF72A /* Resources */,
				8F60D1DED981F37C2933549C /* [CP] Embed Pods Frameworks */,
			);
			buildRules = (
			);
			dependencies = (
			);
			name = ColorApp;
			productName = ColorApp;
			productReference = 048C038E24C61D9F00EEF72A /* ColorApp.app */;
			productType = "com.apple.product-type.application";
		};
/* End PBXNativeTarget section */

/* Begin PBXProject section */
		048C038624C61D9F00EEF72A /* Project object */ = {
			isa = PBXProject;
			attributes = {
				LastSwiftUpdateCheck = 1160;
				LastUpgradeCheck = 1160;
				ORGANIZATIONNAME = "Isha Nadkarni";
				TargetAttributes = {
					048C038D24C61D9F00EEF72A = {
						CreatedOnToolsVersion = 11.6;
					};
				};
			};
			buildConfigurationList = 048C038924C61D9F00EEF72A /* Build configuration list for PBXProject "ColorApp" */;
			compatibilityVersion = "Xcode 9.3";
			developmentRegion = en;
			hasScannedForEncodings = 0;
			knownRegions = (
				en,
				Base,
			);
			mainGroup = 048C038524C61D9F00EEF72A;
			productRefGroup = 048C038F24C61D9F00EEF72A /* Products */;
			projectDirPath = "";
			projectRoot = "";
			targets = (
				048C038D24C61D9F00EEF72A /* ColorApp */,
			);
		};
/* End PBXProject section */

/* Begin PBXResourcesBuildPhase section */
		048C038C24C61D9F00EEF72A /* Resources */ = {
			isa = PBXResourcesBuildPhase;
			buildActionMask = 2147483647;
			files = (
				048C039E24C61DA200EEF72A /* LaunchScreen.storyboard in Resources */,
				043C416724C8C6B200389FB0 /* GoogleService-Info.plist in Resources */,
				048C039B24C61DA200EEF72A /* Preview Assets.xcassets in Resources */,
				048C039824C61DA200EEF72A /* Assets.xcassets in Resources */,
			);
			runOnlyForDeploymentPostprocessing = 0;
		};
/* End PBXResourcesBuildPhase section */

/* Begin PBXShellScriptBuildPhase section */
		8F60D1DED981F37C2933549C /* [CP] Embed Pods Frameworks */ = {
			isa = PBXShellScriptBuildPhase;
			buildActionMask = 2147483647;
			files = (
			);
			inputFileListPaths = (
				"${PODS_ROOT}/Target Support Files/Pods-ColorApp/Pods-ColorApp-frameworks-${CONFIGURATION}-input-files.xcfilelist",
			);
			name = "[CP] Embed Pods Frameworks";
			outputFileListPaths = (
				"${PODS_ROOT}/Target Support Files/Pods-ColorApp/Pods-ColorApp-frameworks-${CONFIGURATION}-output-files.xcfilelist",
			);
			runOnlyForDeploymentPostprocessing = 0;
			shellPath = /bin/sh;
			shellScript = "\"${PODS_ROOT}/Target Support Files/Pods-ColorApp/Pods-ColorApp-frameworks.sh\"\n";
			showEnvVarsInLog = 0;
		};
		CEF7EC3469FBBCE0A1A5A384 /* [CP] Check Pods Manifest.lock */ = {
			isa = PBXShellScriptBuildPhase;
			buildActionMask = 2147483647;
			files = (
			);
			inputFileListPaths = (
			);
			inputPaths = (
				"${PODS_PODFILE_DIR_PATH}/Podfile.lock",
				"${PODS_ROOT}/Manifest.lock",
			);
			name = "[CP] Check Pods Manifest.lock";
			outputFileListPaths = (
			);
			outputPaths = (
				"$(DERIVED_FILE_DIR)/Pods-ColorApp-checkManifestLockResult.txt",
			);
			runOnlyForDeploymentPostprocessing = 0;
			shellPath = /bin/sh;
			shellScript = "diff \"${PODS_PODFILE_DIR_PATH}/Podfile.lock\" \"${PODS_ROOT}/Manifest.lock\" > /dev/null\nif [ $? != 0 ] ; then\n    # print error to STDERR\n    echo \"error: The sandbox is not in sync with the Podfile.lock. Run 'pod install' or update your CocoaPods installation.\" >&2\n    exit 1\nfi\n# This output is used by Xcode 'outputs' to avoid re-running this script phase.\necho \"SUCCESS\" > \"${SCRIPT_OUTPUT_FILE_0}\"\n";
			showEnvVarsInLog = 0;
		};
/* End PBXShellScriptBuildPhase section */

/* Begin PBXSourcesBuildPhase section */
		048C038A24C61D9F00EEF72A /* Sources */ = {
			isa = PBXSourcesBuildPhase;
			buildActionMask = 2147483647;
			files = (
				043C416B24C9FF0700389FB0 /* LeaderboardView.swift in Sources */,
				048C039224C61D9F00EEF72A /* AppDelegate.swift in Sources */,
				043C416524C8B18C00389FB0 /* InstructionsView.swift in Sources */,
				048C039424C61D9F00EEF72A /* SceneDelegate.swift in Sources */,
				041CD81A24CB603500751F95 /* StartUpView.swift in Sources */,
				048C039624C61D9F00EEF72A /* ContentView.swift in Sources */,
			);
			runOnlyForDeploymentPostprocessing = 0;
		};
/* End PBXSourcesBuildPhase section */

/* Begin PBXVariantGroup section */
		048C039C24C61DA200EEF72A /* LaunchScreen.storyboard */ = {
			isa = PBXVariantGroup;
			children = (
				048C039D24C61DA200EEF72A /* Base */,
			);
			name = LaunchScreen.storyboard;
			sourceTree = "<group>";
		};
/* End PBXVariantGroup section */

/* Begin XCBuildConfiguration section */
		048C03A024C61DA200EEF72A /* Debug */ = {
			isa = XCBuildConfiguration;
			buildSettings = {
				ALWAYS_SEARCH_USER_PATHS = NO;
				CLANG_ANALYZER_NONNULL = YES;
				CLANG_ANALYZER_NUMBER_OBJECT_CONVERSION = YES_AGGRESSIVE;
				CLANG_CXX_LANGUAGE_STANDARD = "gnu++14";
				CLANG_CXX_LIBRARY = "libc++";
				CLANG_ENABLE_MODULES = YES;
				CLANG_ENABLE_OBJC_ARC = YES;
				CLANG_ENABLE_OBJC_WEAK = YES;
				CLANG_WARN_BLOCK_CAPTURE_AUTORELEASING = YES;
				CLANG_WARN_BOOL_CONVERSION = YES;
				CLANG_WARN_COMMA = YES;
				CLANG_WARN_CONSTANT_CONVERSION = YES;
				CLANG_WARN_DEPRECATED_OBJC_IMPLEMENTATIONS = YES;
				CLANG_WARN_DIRECT_OBJC_ISA_USAGE = YES_ERROR;
				CLANG_WARN_DOCUMENTATION_COMMENTS = YES;
				CLANG_WARN_EMPTY_BODY = YES;
				CLANG_WARN_ENUM_CONVERSION = YES;
				CLANG_WARN_INFINITE_RECURSION = YES;
				CLANG_WARN_INT_CONVERSION = YES;
				CLANG_WARN_NON_LITERAL_NULL_CONVERSION = YES;
				CLANG_WARN_OBJC_IMPLICIT_RETAIN_SELF = YES;
				CLANG_WARN_OBJC_LITERAL_CONVERSION = YES;
				CLANG_WARN_OBJC_ROOT_CLASS = YES_ERROR;
				CLANG_WARN_RANGE_LOOP_ANALYSIS = YES;
				CLANG_WARN_STRICT_PROTOTYPES = YES;
				CLANG_WARN_SUSPICIOUS_MOVE = YES;
				CLANG_WARN_UNGUARDED_AVAILABILITY = YES_AGGRESSIVE;
				CLANG_WARN_UNREACHABLE_CODE = YES;
				CLANG_WARN__DUPLICATE_METHOD_MATCH = YES;
				COPY_PHASE_STRIP = NO;
				DEBUG_INFORMATION_FORMAT = dwarf;
				ENABLE_STRICT_OBJC_MSGSEND = YES;
				ENABLE_TESTABILITY = YES;
				GCC_C_LANGUAGE_STANDARD = gnu11;
				GCC_DYNAMIC_NO_PIC = NO;
				GCC_NO_COMMON_BLOCKS = YES;
				GCC_OPTIMIZATION_LEVEL = 0;
				GCC_PREPROCESSOR_DEFINITIONS = (
					"DEBUG=1",
					"$(inherited)",
				);
				GCC_WARN_64_TO_32_BIT_CONVERSION = YES;
				GCC_WARN_ABOUT_RETURN_TYPE = YES_ERROR;
				GCC_WARN_UNDECLARED_SELECTOR = YES;
				GCC_WARN_UNINITIALIZED_AUTOS = YES_AGGRESSIVE;
				GCC_WARN_UNUSED_FUNCTION = YES;
				GCC_WARN_UNUSED_VARIABLE = YES;
				IPHONEOS_DEPLOYMENT_TARGET = 13.6;
				MTL_ENABLE_DEBUG_INFO = INCLUDE_SOURCE;
				MTL_FAST_MATH = YES;
				ONLY_ACTIVE_ARCH = YES;
				SDKROOT = iphoneos;
				SWIFT_ACTIVE_COMPILATION_CONDITIONS = DEBUG;
				SWIFT_OPTIMIZATION_LEVEL = "-Onone";
			};
			name = Debug;
		};
		048C03A124C61DA200EEF72A /* Release */ = {
			isa = XCBuildConfiguration;
			buildSettings = {
				ALWAYS_SEARCH_USER_PATHS = NO;
				CLANG_ANALYZER_NONNULL = YES;
				CLANG_ANALYZER_NUMBER_OBJECT_CONVERSION = YES_AGGRESSIVE;
				CLANG_CXX_LANGUAGE_STANDARD = "gnu++14";
				CLANG_CXX_LIBRARY = "libc++";
				CLANG_ENABLE_MODULES = YES;
				CLANG_ENABLE_OBJC_ARC = YES;
				CLANG_ENABLE_OBJC_WEAK = YES;
				CLANG_WARN_BLOCK_CAPTURE_AUTORELEASING = YES;
				CLANG_WARN_BOOL_CONVERSION = YES;
				CLANG_WARN_COMMA = YES;
				CLANG_WARN_CONSTANT_CONVERSION = YES;
				CLANG_WARN_DEPRECATED_OBJC_IMPLEMENTATIONS = YES;
				CLANG_WARN_DIRECT_OBJC_ISA_USAGE = YES_ERROR;
				CLANG_WARN_DOCUMENTATION_COMMENTS = YES;
				CLANG_WARN_EMPTY_BODY = YES;
				CLANG_WARN_ENUM_CONVERSION = YES;
				CLANG_WARN_INFINITE_RECURSION = YES;
				CLANG_WARN_INT_CONVERSION = YES;
				CLANG_WARN_NON_LITERAL_NULL_CONVERSION = YES;
				CLANG_WARN_OBJC_IMPLICIT_RETAIN_SELF = YES;
				CLANG_WARN_OBJC_LITERAL_CONVERSION = YES;
				CLANG_WARN_OBJC_ROOT_CLASS = YES_ERROR;
				CLANG_WARN_RANGE_LOOP_ANALYSIS = YES;
				CLANG_WARN_STRICT_PROTOTYPES = YES;
				CLANG_WARN_SUSPICIOUS_MOVE = YES;
				CLANG_WARN_UNGUARDED_AVAILABILITY = YES_AGGRESSIVE;
				CLANG_WARN_UNREACHABLE_CODE = YES;
				CLANG_WARN__DUPLICATE_METHOD_MATCH = YES;
				COPY_PHASE_STRIP = NO;
				DEBUG_INFORMATION_FORMAT = "dwarf-with-dsym";
				ENABLE_NS_ASSERTIONS = NO;
				ENABLE_STRICT_OBJC_MSGSEND = YES;
				GCC_C_LANGUAGE_STANDARD = gnu11;
				GCC_NO_COMMON_BLOCKS = YES;
				GCC_WARN_64_TO_32_BIT_CONVERSION = YES;
				GCC_WARN_ABOUT_RETURN_TYPE = YES_ERROR;
				GCC_WARN_UNDECLARED_SELECTOR = YES;
				GCC_WARN_UNINITIALIZED_AUTOS = YES_AGGRESSIVE;
				GCC_WARN_UNUSED_FUNCTION = YES;
				GCC_WARN_UNUSED_VARIABLE = YES;
				IPHONEOS_DEPLOYMENT_TARGET = 13.6;
				MTL_ENABLE_DEBUG_INFO = NO;
				MTL_FAST_MATH = YES;
				SDKROOT = iphoneos;
				SWIFT_COMPILATION_MODE = wholemodule;
				SWIFT_OPTIMIZATION_LEVEL = "-O";
				VALIDATE_PRODUCT = YES;
			};
			name = Release;
		};
		048C03A324C61DA200EEF72A /* Debug */ = {
			isa = XCBuildConfiguration;
			baseConfigurationReference = EE5CE8B4DE928660A315950F /* Pods-ColorApp.debug.xcconfig */;
			buildSettings = {
				ASSETCATALOG_COMPILER_APPICON_NAME = AppIcon;
				CODE_SIGN_STYLE = Automatic;
				DEVELOPMENT_ASSET_PATHS = "\"ColorApp/Preview Content\"";
				ENABLE_PREVIEWS = YES;
				INFOPLIST_FILE = ColorApp/Info.plist;
				LD_RUNPATH_SEARCH_PATHS = (
					"$(inherited)",
					"@executable_path/Frameworks",
				);
				PRODUCT_BUNDLE_IDENTIFIER = Insight.ColorApp;
				PRODUCT_NAME = "$(TARGET_NAME)";
				SWIFT_VERSION = 5.0;
				TARGETED_DEVICE_FAMILY = "1,2";
			};
			name = Debug;
		};
		048C03A424C61DA200EEF72A /* Release */ = {
			isa = XCBuildConfiguration;
			baseConfigurationReference = 0C4E5BDD8C39565138F3A5A0 /* Pods-ColorApp.release.xcconfig */;
			buildSettings = {
				ASSETCATALOG_COMPILER_APPICON_NAME = AppIcon;
				CODE_SIGN_STYLE = Automatic;
				DEVELOPMENT_ASSET_PATHS = "\"ColorApp/Preview Content\"";
				ENABLE_PREVIEWS = YES;
				INFOPLIST_FILE = ColorApp/Info.plist;
				LD_RUNPATH_SEARCH_PATHS = (
					"$(inherited)",
					"@executable_path/Frameworks",
				);
				PRODUCT_BUNDLE_IDENTIFIER = Insight.ColorApp;
				PRODUCT_NAME = "$(TARGET_NAME)";
				SWIFT_VERSION = 5.0;
				TARGETED_DEVICE_FAMILY = "1,2";
			};
			name = Release;
		};
/* End XCBuildConfiguration section */

/* Begin XCConfigurationList section */
		048C038924C61D9F00EEF72A /* Build configuration list for PBXProject "ColorApp" */ = {
			isa = XCConfigurationList;
			buildConfigurations = (
				048C03A024C61DA200EEF72A /* Debug */,
				048C03A124C61DA200EEF72A /* Release */,
			);
			defaultConfigurationIsVisible = 0;
			defaultConfigurationName = Release;
		};
		048C03A224C61DA200EEF72A /* Build configuration list for PBXNativeTarget "ColorApp" */ = {
			isa = XCConfigurationList;
			buildConfigurations = (
				048C03A324C61DA200EEF72A /* Debug */,
				048C03A424C61DA200EEF72A /* Release */,
			);
			defaultConfigurationIsVisible = 0;
			defaultConfigurationName = Release;
		};
/* End XCConfigurationList section */
	};
	rootObject = 048C038624C61D9F00EEF72A /* Project object */;
}
